// !$*UTF8*$!
{
	archiveVersion = 1;
	classes = {
	};
	objectVersion = 50;
	objects = {

/* Begin PBXBuildFile section */
		EE7D9F852686CC020071F256 /* main.cpp in Sources */ = {isa = PBXBuildFile; fileRef = EE7D9F842686CC020071F256 /* main.cpp */; };
		EE7D9F8D2686E7EB0071F256 /* OpenGL.framework in Frameworks */ = {isa = PBXBuildFile; fileRef = EE7D9F8C2686E7EB0071F256 /* OpenGL.framework */; };
		EE7D9F8F2686E7FA0071F256 /* GLUT.framework in Frameworks */ = {isa = PBXBuildFile; fileRef = EE7D9F8E2686E7FA0071F256 /* GLUT.framework */; };
		EE7D9F912686E9AC0071F256 /* CoreFoundation.framework in Frameworks */ = {isa = PBXBuildFile; fileRef = EE7D9F902686E9AC0071F256 /* CoreFoundation.framework */; };
		EE7D9F932686EA500071F256 /* libGLEW.2.2.0.dylib in Frameworks */ = {isa = PBXBuildFile; fileRef = EE7D9F922686EA500071F256 /* libGLEW.2.2.0.dylib */; };
		EE7D9F952686EA6C0071F256 /* libglfw.3.3.dylib in Frameworks */ = {isa = PBXBuildFile; fileRef = EE7D9F942686EA6C0071F256 /* libglfw.3.3.dylib */; };
		EE7D9F992686FC910071F256 /* shader.cpp in Sources */ = {isa = PBXBuildFile; fileRef = EE7D9F982686FC910071F256 /* shader.cpp */; };
/* End PBXBuildFile section */

/* Begin PBXCopyFilesBuildPhase section */
		EE7D9F7F2686CC020071F256 /* CopyFiles */ = {
			isa = PBXCopyFilesBuildPhase;
			buildActionMask = 2147483647;
			dstPath = /usr/share/man/man1/;
			dstSubfolderSpec = 0;
			files = (
			);
			runOnlyForDeploymentPostprocessing = 1;
		};
/* End PBXCopyFilesBuildPhase section */

/* Begin PBXFileReference section */
		EE7D9F812686CC020071F256 /* openGL_tutorials */ = {isa = PBXFileReference; explicitFileType = "compiled.mach-o.executable"; includeInIndex = 0; path = openGL_tutorials; sourceTree = BUILT_PRODUCTS_DIR; };
		EE7D9F842686CC020071F256 /* main.cpp */ = {isa = PBXFileReference; lastKnownFileType = sourcecode.cpp.cpp; path = main.cpp; sourceTree = "<group>"; };
		EE7D9F8C2686E7EB0071F256 /* OpenGL.framework */ = {isa = PBXFileReference; lastKnownFileType = wrapper.framework; name = OpenGL.framework; path = System/Library/Frameworks/OpenGL.framework; sourceTree = SDKROOT; };
		EE7D9F8E2686E7FA0071F256 /* GLUT.framework */ = {isa = PBXFileReference; lastKnownFileType = wrapper.framework; name = GLUT.framework; path = System/Library/Frameworks/GLUT.framework; sourceTree = SDKROOT; };
		EE7D9F902686E9AC0071F256 /* CoreFoundation.framework */ = {isa = PBXFileReference; lastKnownFileType = wrapper.framework; name = CoreFoundation.framework; path = System/Library/Frameworks/CoreFoundation.framework; sourceTree = SDKROOT; };
		EE7D9F922686EA500071F256 /* libGLEW.2.2.0.dylib */ = {isa = PBXFileReference; lastKnownFileType = "compiled.mach-o.dylib"; name = libGLEW.2.2.0.dylib; path = ../../../../usr/local/Cellar/glew/2.2.0/lib/libGLEW.2.2.0.dylib; sourceTree = "<group>"; };
		EE7D9F942686EA6C0071F256 /* libglfw.3.3.dylib */ = {isa = PBXFileReference; lastKnownFileType = "compiled.mach-o.dylib"; name = libglfw.3.3.dylib; path = ../../../../usr/local/Cellar/glfw/3.3.2/lib/libglfw.3.3.dylib; sourceTree = "<group>"; };
		EE7D9F962686F8910071F256 /* SimpleVertexShader.vertexshader */ = {isa = PBXFileReference; lastKnownFileType = text; path = SimpleVertexShader.vertexshader; sourceTree = "<group>"; };
		EE7D9F972686F9140071F256 /* SimpleFragmentShader.fragmentshader */ = {isa = PBXFileReference; lastKnownFileType = text; path = SimpleFragmentShader.fragmentshader; sourceTree = "<group>"; };
		EE7D9F982686FC910071F256 /* shader.cpp */ = {isa = PBXFileReference; lastKnownFileType = sourcecode.cpp.cpp; path = shader.cpp; sourceTree = "<group>"; };
		EE7D9F9A2686FCB50071F256 /* shader.h */ = {isa = PBXFileReference; lastKnownFileType = sourcecode.c.h; path = shader.h; sourceTree = "<group>"; };
/* End PBXFileReference section */

/* Begin PBXFrameworksBuildPhase section */
		EE7D9F7E2686CC020071F256 /* Frameworks */ = {
			isa = PBXFrameworksBuildPhase;
			buildActionMask = 2147483647;
			files = (
				EE7D9F952686EA6C0071F256 /* libglfw.3.3.dylib in Frameworks */,
				EE7D9F932686EA500071F256 /* libGLEW.2.2.0.dylib in Frameworks */,
				EE7D9F912686E9AC0071F256 /* CoreFoundation.framework in Frameworks */,
				EE7D9F8F2686E7FA0071F256 /* GLUT.framework in Frameworks */,
				EE7D9F8D2686E7EB0071F256 /* OpenGL.framework in Frameworks */,
			);
			runOnlyForDeploymentPostprocessing = 0;
		};
/* End PBXFrameworksBuildPhase section */

/* Begin PBXGroup section */
		EE7D9F782686CC010071F256 = {
			isa = PBXGroup;
			children = (
				EE7D9F832686CC020071F256 /* openGL_tutorials */,
				EE7D9F822686CC020071F256 /* Products */,
				EE7D9F8B2686E7EB0071F256 /* Frameworks */,
			);
			sourceTree = "<group>";
		};
		EE7D9F822686CC020071F256 /* Products */ = {
			isa = PBXGroup;
			children = (
				EE7D9F812686CC020071F256 /* openGL_tutorials */,
			);
			name = Products;
			sourceTree = "<group>";
		};
		EE7D9F832686CC020071F256 /* openGL_tutorials */ = {
			isa = PBXGroup;
			children = (
				EE7D9F842686CC020071F256 /* main.cpp */,
				EE7D9F962686F8910071F256 /* SimpleVertexShader.vertexshader */,
				EE7D9F972686F9140071F256 /* SimpleFragmentShader.fragmentshader */,
				EE7D9F982686FC910071F256 /* shader.cpp */,
				EE7D9F9A2686FCB50071F256 /* shader.h */,
			);
			path = openGL_tutorials;
			sourceTree = "<group>";
		};
		EE7D9F8B2686E7EB0071F256 /* Frameworks */ = {
			isa = PBXGroup;
			children = (
				EE7D9F942686EA6C0071F256 /* libglfw.3.3.dylib */,
				EE7D9F922686EA500071F256 /* libGLEW.2.2.0.dylib */,
				EE7D9F902686E9AC0071F256 /* CoreFoundation.framework */,
				EE7D9F8E2686E7FA0071F256 /* GLUT.framework */,
				EE7D9F8C2686E7EB0071F256 /* OpenGL.framework */,
			);
			name = Frameworks;
			sourceTree = "<group>";
		};
/* End PBXGroup section */

/* Begin PBXNativeTarget section */
		EE7D9F802686CC020071F256 /* openGL_tutorials */ = {
			isa = PBXNativeTarget;
			buildConfigurationList = EE7D9F882686CC020071F256 /* Build configuration list for PBXNativeTarget "openGL_tutorials" */;
			buildPhases = (
				EE7D9F7D2686CC020071F256 /* Sources */,
				EE7D9F7E2686CC020071F256 /* Frameworks */,
				EE7D9F7F2686CC020071F256 /* CopyFiles */,
			);
			buildRules = (
			);
			dependencies = (
			);
			name = openGL_tutorials;
			productName = openGL_tutorials;
			productReference = EE7D9F812686CC020071F256 /* openGL_tutorials */;
			productType = "com.apple.product-type.tool";
		};
/* End PBXNativeTarget section */

/* Begin PBXProject section */
		EE7D9F792686CC010071F256 /* Project object */ = {
			isa = PBXProject;
			attributes = {
				LastUpgradeCheck = 1250;
				TargetAttributes = {
					EE7D9F802686CC020071F256 = {
						CreatedOnToolsVersion = 12.5.1;
					};
				};
			};
			buildConfigurationList = EE7D9F7C2686CC010071F256 /* Build configuration list for PBXProject "openGL_tutorials" */;
			compatibilityVersion = "Xcode 9.3";
			developmentRegion = en;
			hasScannedForEncodings = 0;
			knownRegions = (
				en,
				Base,
			);
			mainGroup = EE7D9F782686CC010071F256;
			productRefGroup = EE7D9F822686CC020071F256 /* Products */;
			projectDirPath = "";
			projectRoot = "";
			targets = (
				EE7D9F802686CC020071F256 /* openGL_tutorials */,
			);
		};
/* End PBXProject section */

/* Begin PBXSourcesBuildPhase section */
		EE7D9F7D2686CC020071F256 /* Sources */ = {
			isa = PBXSourcesBuildPhase;
			buildActionMask = 2147483647;
			files = (
				EE7D9F992686FC910071F256 /* shader.cpp in Sources */,
				EE7D9F852686CC020071F256 /* main.cpp in Sources */,
			);
			runOnlyForDeploymentPostprocessing = 0;
		};
/* End PBXSourcesBuildPhase section */

/* Begin XCBuildConfiguration section */
		EE7D9F862686CC020071F256 /* Debug */ = {
			isa = XCBuildConfiguration;
			buildSettings = {
				ALWAYS_SEARCH_USER_PATHS = NO;
				CLANG_ANALYZER_NONNULL = YES;
				CLANG_ANALYZER_NUMBER_OBJECT_CONVERSION = YES_AGGRESSIVE;
				CLANG_CXX_LANGUAGE_STANDARD = "gnu++14";
				CLANG_CXX_LIBRARY = "libc++";
				CLANG_ENABLE_MODULES = YES;
				CLANG_ENABLE_OBJC_ARC = YES;
				CLANG_ENABLE_OBJC_WEAK = YES;
				CLANG_WARN_BLOCK_CAPTURE_AUTORELEASING = YES;
				CLANG_WARN_BOOL_CONVERSION = YES;
				CLANG_WARN_COMMA = YES;
				CLANG_WARN_CONSTANT_CONVERSION = YES;
				CLANG_WARN_DEPRECATED_OBJC_IMPLEMENTATIONS = YES;
				CLANG_WARN_DIRECT_OBJC_ISA_USAGE = YES_ERROR;
				CLANG_WARN_DOCUMENTATION_COMMENTS = YES;
				CLANG_WARN_EMPTY_BODY = YES;
				CLANG_WARN_ENUM_CONVERSION = YES;
				CLANG_WARN_INFINITE_RECURSION = YES;
				CLANG_WARN_INT_CONVERSION = YES;
				CLANG_WARN_NON_LITERAL_NULL_CONVERSION = YES;
				CLANG_WARN_OBJC_IMPLICIT_RETAIN_SELF = YES;
				CLANG_WARN_OBJC_LITERAL_CONVERSION = YES;
				CLANG_WARN_OBJC_ROOT_CLASS = YES_ERROR;
				CLANG_WARN_QUOTED_INCLUDE_IN_FRAMEWORK_HEADER = YES;
				CLANG_WARN_RANGE_LOOP_ANALYSIS = YES;
				CLANG_WARN_STRICT_PROTOTYPES = YES;
				CLANG_WARN_SUSPICIOUS_MOVE = YES;
				CLANG_WARN_UNGUARDED_AVAILABILITY = YES_AGGRESSIVE;
				CLANG_WARN_UNREACHABLE_CODE = YES;
				CLANG_WARN__DUPLICATE_METHOD_MATCH = YES;
				COPY_PHASE_STRIP = NO;
				DEBUG_INFORMATION_FORMAT = dwarf;
				ENABLE_STRICT_OBJC_MSGSEND = YES;
				ENABLE_TESTABILITY = YES;
				GCC_C_LANGUAGE_STANDARD = gnu11;
				GCC_DYNAMIC_NO_PIC = NO;
				GCC_NO_COMMON_BLOCKS = YES;
				GCC_OPTIMIZATION_LEVEL = 0;
				GCC_PREPROCESSOR_DEFINITIONS = (
					"DEBUG=1",
					"$(inherited)",
				);
				GCC_WARN_64_TO_32_BIT_CONVERSION = YES;
				GCC_WARN_ABOUT_RETURN_TYPE = YES_ERROR;
				GCC_WARN_UNDECLARED_SELECTOR = YES;
				GCC_WARN_UNINITIALIZED_AUTOS = YES_AGGRESSIVE;
				GCC_WARN_UNUSED_FUNCTION = YES;
				GCC_WARN_UNUSED_VARIABLE = YES;
				MACOSX_DEPLOYMENT_TARGET = 11.3;
				MTL_ENABLE_DEBUG_INFO = INCLUDE_SOURCE;
				MTL_FAST_MATH = YES;
				ONLY_ACTIVE_ARCH = YES;
				SDKROOT = macosx;
			};
			name = Debug;
		};
		EE7D9F872686CC020071F256 /* Release */ = {
			isa = XCBuildConfiguration;
			buildSettings = {
				ALWAYS_SEARCH_USER_PATHS = NO;
				CLANG_ANALYZER_NONNULL = YES;
				CLANG_ANALYZER_NUMBER_OBJECT_CONVERSION = YES_AGGRESSIVE;
				CLANG_CXX_LANGUAGE_STANDARD = "gnu++14";
				CLANG_CXX_LIBRARY = "libc++";
				CLANG_ENABLE_MODULES = YES;
				CLANG_ENABLE_OBJC_ARC = YES;
				CLANG_ENABLE_OBJC_WEAK = YES;
				CLANG_WARN_BLOCK_CAPTURE_AUTORELEASING = YES;
				CLANG_WARN_BOOL_CONVERSION = YES;
				CLANG_WARN_COMMA = YES;
				CLANG_WARN_CONSTANT_CONVERSION = YES;
				CLANG_WARN_DEPRECATED_OBJC_IMPLEMENTATIONS = YES;
				CLANG_WARN_DIRECT_OBJC_ISA_USAGE = YES_ERROR;
				CLANG_WARN_DOCUMENTATION_COMMENTS = YES;
				CLANG_WARN_EMPTY_BODY = YES;
				CLANG_WARN_ENUM_CONVERSION = YES;
				CLANG_WARN_INFINITE_RECURSION = YES;
				CLANG_WARN_INT_CONVERSION = YES;
				CLANG_WARN_NON_LITERAL_NULL_CONVERSION = YES;
				CLANG_WARN_OBJC_IMPLICIT_RETAIN_SELF = YES;
				CLANG_WARN_OBJC_LITERAL_CONVERSION = YES;
				CLANG_WARN_OBJC_ROOT_CLASS = YES_ERROR;
				CLANG_WARN_QUOTED_INCLUDE_IN_FRAMEWORK_HEADER = YES;
				CLANG_WARN_RANGE_LOOP_ANALYSIS = YES;
				CLANG_WARN_STRICT_PROTOTYPES = YES;
				CLANG_WARN_SUSPICIOUS_MOVE = YES;
				CLANG_WARN_UNGUARDED_AVAILABILITY = YES_AGGRESSIVE;
				CLANG_WARN_UNREACHABLE_CODE = YES;
				CLANG_WARN__DUPLICATE_METHOD_MATCH = YES;
				COPY_PHASE_STRIP = NO;
				DEBUG_INFORMATION_FORMAT = "dwarf-with-dsym";
				ENABLE_NS_ASSERTIONS = NO;
				ENABLE_STRICT_OBJC_MSGSEND = YES;
				GCC_C_LANGUAGE_STANDARD = gnu11;
				GCC_NO_COMMON_BLOCKS = YES;
				GCC_WARN_64_TO_32_BIT_CONVERSION = YES;
				GCC_WARN_ABOUT_RETURN_TYPE = YES_ERROR;
				GCC_WARN_UNDECLARED_SELECTOR = YES;
				GCC_WARN_UNINITIALIZED_AUTOS = YES_AGGRESSIVE;
				GCC_WARN_UNUSED_FUNCTION = YES;
				GCC_WARN_UNUSED_VARIABLE = YES;
				MACOSX_DEPLOYMENT_TARGET = 11.3;
				MTL_ENABLE_DEBUG_INFO = NO;
				MTL_FAST_MATH = YES;
				SDKROOT = macosx;
			};
			name = Release;
		};
		EE7D9F892686CC020071F256 /* Debug */ = {
			isa = XCBuildConfiguration;
			buildSettings = {
				CODE_SIGN_STYLE = Automatic;
				HEADER_SEARCH_PATHS = (
					/usr/local/Cellar/glfw/3.3.2/include,
					/usr/local/Cellar/glew/2.2.0/include,
					/usr/local/Cellar/glm/0.9.9.8/include,
					/usr/local/include,
					/usr/local/include/glad,
				);
				LIBRARY_SEARCH_PATHS = (
					/usr/local/Cellar/glew/2.2.0/lib,
					/usr/local/Cellar/glfw/3.3.2/lib,
				);
				PRODUCT_NAME = "$(TARGET_NAME)";
				USER_HEADER_SEARCH_PATHS = /usr/local/include;
			};
			name = Debug;
		};
		EE7D9F8A2686CC020071F256 /* Release */ = {
			isa = XCBuildConfiguration;
			buildSettings = {
				CODE_SIGN_STYLE = Automatic;
				HEADER_SEARCH_PATHS = (
					/usr/local/Cellar/glfw/3.3.2/include,
					/usr/local/Cellar/glew/2.2.0/include,
					/usr/local/Cellar/glm/0.9.9.8/include,
					/usr/local/include,
					/usr/local/include/glad,
				);
				LIBRARY_SEARCH_PATHS = (
					/usr/local/Cellar/glew/2.2.0/lib,
					/usr/local/Cellar/glfw/3.3.2/lib,
				);
				PRODUCT_NAME = "$(TARGET_NAME)";
				USER_HEADER_SEARCH_PATHS = /usr/local/include;
			};
			name = Release;
		};
/* End XCBuildConfiguration section */

/* Begin XCConfigurationList section */
		EE7D9F7C2686CC010071F256 /* Build configuration list for PBXProject "openGL_tutorials" */ = {
			isa = XCConfigurationList;
			buildConfigurations = (
				EE7D9F862686CC020071F256 /* Debug */,
				EE7D9F872686CC020071F256 /* Release */,
			);
			defaultConfigurationIsVisible = 0;
			defaultConfigurationName = Release;
		};
		EE7D9F882686CC020071F256 /* Build configuration list for PBXNativeTarget "openGL_tutorials" */ = {
			isa = XCConfigurationList;
			buildConfigurations = (
				EE7D9F892686CC020071F256 /* Debug */,
				EE7D9F8A2686CC020071F256 /* Release */,
			);
			defaultConfigurationIsVisible = 0;
			defaultConfigurationName = Release;
		};
/* End XCConfigurationList section */
	};
	rootObject = EE7D9F792686CC010071F256 /* Project object */;
}
